
Microsoft Visual Studio Solution File, Format Version 12.00
# Visual Studio Version 16
VisualStudioVersion = 16.0.30907.101
MinimumVisualStudioVersion = 10.0.40219.1
Project("{FAE04EC0-301F-11D3-BF4B-00C04F79EFBC}") = "LinkedList", "LinkedList\LinkedList.csproj", "{C461BEF7-E697-430D-AC08-2D3BF4B93755}"
EndProject
Global
	GlobalSection(SolutionConfigurationPlatforms) = preSolution
		Debug|Any CPU = Debug|Any CPU
		Release|Any CPU = Release|Any CPU
	EndGlobalSection
	GlobalSection(ProjectConfigurationPlatforms) = postSolution
		{C461BEF7-E697-430D-AC08-2D3BF4B93755}.Debug|Any CPU.ActiveCfg = Debug|Any CPU
		{C461BEF7-E697-430D-AC08-2D3BF4B93755}.Debug|Any CPU.Build.0 = Debug|Any CPU
		{C461BEF7-E697-430D-AC08-2D3BF4B93755}.Release|Any CPU.ActiveCfg = Release|Any CPU
		{C461BEF7-E697-430D-AC08-2D3BF4B93755}.Release|Any CPU.Build.0 = Release|Any CPU
	EndGlobalSection
	GlobalSection(SolutionProperties) = preSolution
		HideSolutionNode = FALSE
	EndGlobalSection
	GlobalSection(ExtensibilityGlobals) = postSolution
		SolutionGuid = {5945D455-C6F9-4C52-ACBC-14E54DC949FD}
	EndGlobalSection
EndGlobal
